
Microsoft Visual Studio Solution File, Format Version 12.00
# Visual Studio Version 17
VisualStudioVersion = 17.13.35828.75 d17.13
MinimumVisualStudioVersion = 10.0.40219.1
Project("{FAE04EC0-301F-11D3-BF4B-00C04F79EFBC}") = "WlodCar", "WlodCar.csproj", "{8F0047B1-A766-4BE8-ADB0-FC04951F0805}"
EndProject
Global
	GlobalSection(SolutionConfigurationPlatforms) = preSolution
		Debug|Any CPU = Debug|Any CPU
		Release|Any CPU = Release|Any CPU
	EndGlobalSection
	GlobalSection(ProjectConfigurationPlatforms) = postSolution
		{8F0047B1-A766-4BE8-ADB0-FC04951F0805}.Debug|Any CPU.ActiveCfg = Debug|Any CPU
		{8F0047B1-A766-4BE8-ADB0-FC04951F0805}.Debug|Any CPU.Build.0 = Debug|Any CPU
		{8F0047B1-A766-4BE8-ADB0-FC04951F0805}.Release|Any CPU.ActiveCfg = Release|Any CPU
		{8F0047B1-A766-4BE8-ADB0-FC04951F0805}.Release|Any CPU.Build.0 = Release|Any CPU
	EndGlobalSection
	GlobalSection(SolutionProperties) = preSolution
		HideSolutionNode = FALSE
	EndGlobalSection
	GlobalSection(ExtensibilityGlobals) = postSolution
		SolutionGuid = {E8ABAFE2-42CD-4013-B55F-A869D87FA9C7}
	EndGlobalSection
EndGlobal
